
Microsoft Visual Studio Solution File, Format Version 12.00
# Visual Studio Version 17
VisualStudioVersion = 17.5.33627.172
MinimumVisualStudioVersion = 10.0.40219.1
Project("{FAE04EC0-301F-11D3-BF4B-00C04F79EFBC}") = "testing", "testing.csproj", "{7232EE63-0616-4BD1-9C01-F8ACF0A6D727}"
EndProject
Global
	GlobalSection(SolutionConfigurationPlatforms) = preSolution
		Debug|Any CPU = Debug|Any CPU
		Release|Any CPU = Release|Any CPU
	EndGlobalSection
	GlobalSection(ProjectConfigurationPlatforms) = postSolution
		{7232EE63-0616-4BD1-9C01-F8ACF0A6D727}.Debug|Any CPU.ActiveCfg = Debug|Any CPU
		{7232EE63-0616-4BD1-9C01-F8ACF0A6D727}.Debug|Any CPU.Build.0 = Debug|Any CPU
		{7232EE63-0616-4BD1-9C01-F8ACF0A6D727}.Release|Any CPU.ActiveCfg = Release|Any CPU
		{7232EE63-0616-4BD1-9C01-F8ACF0A6D727}.Release|Any CPU.Build.0 = Release|Any CPU
	EndGlobalSection
	GlobalSection(SolutionProperties) = preSolution
		HideSolutionNode = FALSE
	EndGlobalSection
	GlobalSection(ExtensibilityGlobals) = postSolution
		SolutionGuid = {0EC32F97-6846-4039-AC24-7FBB94CEFB2B}
	EndGlobalSection
EndGlobal
